
Microsoft Visual Studio Solution File, Format Version 12.00
# Visual Studio Version 17
VisualStudioVersion = 17.3.32922.545
MinimumVisualStudioVersion = 10.0.40219.1
Project("{00D1A9C2-B5F0-4AF3-8072-F6C62B433612}") = "JellyFishDB", "JellyFishDB\JellyFishDB.sqlproj", "{9AA9AF02-9CC0-438F-8CEE-337D00C5F00C}"
EndProject
Project("{9A19103F-16F7-4668-BE54-9A1E7A4F7556}") = "JellyFish", "JellyFish\JellyFish.csproj", "{B878033D-F470-43E0-8443-516F447FFE5F}"
EndProject
Project("{9A19103F-16F7-4668-BE54-9A1E7A4F7556}") = "JellyFishTest", "JellyFishTest\JellyFishTest.csproj", "{35F68F83-210C-4308-8E76-92B4E036E9C7}"
EndProject
Global
	GlobalSection(SolutionConfigurationPlatforms) = preSolution
		Debug|Any CPU = Debug|Any CPU
		Release|Any CPU = Release|Any CPU
	EndGlobalSection
	GlobalSection(ProjectConfigurationPlatforms) = postSolution
		{9AA9AF02-9CC0-438F-8CEE-337D00C5F00C}.Debug|Any CPU.ActiveCfg = Debug|Any CPU
		{9AA9AF02-9CC0-438F-8CEE-337D00C5F00C}.Debug|Any CPU.Build.0 = Debug|Any CPU
		{9AA9AF02-9CC0-438F-8CEE-337D00C5F00C}.Debug|Any CPU.Deploy.0 = Debug|Any CPU
		{9AA9AF02-9CC0-438F-8CEE-337D00C5F00C}.Release|Any CPU.ActiveCfg = Release|Any CPU
		{9AA9AF02-9CC0-438F-8CEE-337D00C5F00C}.Release|Any CPU.Build.0 = Release|Any CPU
		{9AA9AF02-9CC0-438F-8CEE-337D00C5F00C}.Release|Any CPU.Deploy.0 = Release|Any CPU
		{B878033D-F470-43E0-8443-516F447FFE5F}.Debug|Any CPU.ActiveCfg = Debug|Any CPU
		{B878033D-F470-43E0-8443-516F447FFE5F}.Debug|Any CPU.Build.0 = Debug|Any CPU
		{B878033D-F470-43E0-8443-516F447FFE5F}.Release|Any CPU.ActiveCfg = Release|Any CPU
		{B878033D-F470-43E0-8443-516F447FFE5F}.Release|Any CPU.Build.0 = Release|Any CPU
		{35F68F83-210C-4308-8E76-92B4E036E9C7}.Debug|Any CPU.ActiveCfg = Debug|Any CPU
		{35F68F83-210C-4308-8E76-92B4E036E9C7}.Debug|Any CPU.Build.0 = Debug|Any CPU
		{35F68F83-210C-4308-8E76-92B4E036E9C7}.Release|Any CPU.ActiveCfg = Release|Any CPU
		{35F68F83-210C-4308-8E76-92B4E036E9C7}.Release|Any CPU.Build.0 = Release|Any CPU
	EndGlobalSection
	GlobalSection(SolutionProperties) = preSolution
		HideSolutionNode = FALSE
	EndGlobalSection
	GlobalSection(ExtensibilityGlobals) = postSolution
		SolutionGuid = {6807E706-EC99-4BE6-BA20-45C00427D1AD}
	EndGlobalSection
EndGlobal
